
Microsoft Visual Studio Solution File, Format Version 12.00
# Visual Studio Version 16
VisualStudioVersion = 16.0.28803.156
MinimumVisualStudioVersion = 10.0.40219.1
Project("{FAE04EC0-301F-11D3-BF4B-00C04F79EFBC}") = "DAL", "DAL\DAL.csproj", "{2724F4D9-DC01-4152-8FBF-1925DFAF5192}"
EndProject
Project("{FAE04EC0-301F-11D3-BF4B-00C04F79EFBC}") = "BLL", "BLL\BLL.csproj", "{3D44DBD6-32BD-409F-A04D-9711DE687051}"
EndProject
Project("{FAE04EC0-301F-11D3-BF4B-00C04F79EFBC}") = "PSL", "PSL\PSL.csproj", "{F7075758-9376-4DD1-89D2-BE3606D3C7F0}"
EndProject
Project("{FAE04EC0-301F-11D3-BF4B-00C04F79EFBC}") = "Test", "Test\Test.csproj", "{A78B7E42-D46F-4BD9-8F5F-DD2BD381434A}"
EndProject
Global
	GlobalSection(SolutionConfigurationPlatforms) = preSolution
		Debug|Any CPU = Debug|Any CPU
		Release|Any CPU = Release|Any CPU
	EndGlobalSection
	GlobalSection(ProjectConfigurationPlatforms) = postSolution
		{2724F4D9-DC01-4152-8FBF-1925DFAF5192}.Debug|Any CPU.ActiveCfg = Debug|Any CPU
		{2724F4D9-DC01-4152-8FBF-1925DFAF5192}.Debug|Any CPU.Build.0 = Debug|Any CPU
		{2724F4D9-DC01-4152-8FBF-1925DFAF5192}.Release|Any CPU.ActiveCfg = Release|Any CPU
		{2724F4D9-DC01-4152-8FBF-1925DFAF5192}.Release|Any CPU.Build.0 = Release|Any CPU
		{3D44DBD6-32BD-409F-A04D-9711DE687051}.Debug|Any CPU.ActiveCfg = Debug|Any CPU
		{3D44DBD6-32BD-409F-A04D-9711DE687051}.Debug|Any CPU.Build.0 = Debug|Any CPU
		{3D44DBD6-32BD-409F-A04D-9711DE687051}.Release|Any CPU.ActiveCfg = Release|Any CPU
		{3D44DBD6-32BD-409F-A04D-9711DE687051}.Release|Any CPU.Build.0 = Release|Any CPU
		{F7075758-9376-4DD1-89D2-BE3606D3C7F0}.Debug|Any CPU.ActiveCfg = Debug|Any CPU
		{F7075758-9376-4DD1-89D2-BE3606D3C7F0}.Debug|Any CPU.Build.0 = Debug|Any CPU
		{F7075758-9376-4DD1-89D2-BE3606D3C7F0}.Release|Any CPU.ActiveCfg = Release|Any CPU
		{F7075758-9376-4DD1-89D2-BE3606D3C7F0}.Release|Any CPU.Build.0 = Release|Any CPU
		{A78B7E42-D46F-4BD9-8F5F-DD2BD381434A}.Debug|Any CPU.ActiveCfg = Debug|Any CPU
		{A78B7E42-D46F-4BD9-8F5F-DD2BD381434A}.Debug|Any CPU.Build.0 = Debug|Any CPU
		{A78B7E42-D46F-4BD9-8F5F-DD2BD381434A}.Release|Any CPU.ActiveCfg = Release|Any CPU
		{A78B7E42-D46F-4BD9-8F5F-DD2BD381434A}.Release|Any CPU.Build.0 = Release|Any CPU
	EndGlobalSection
	GlobalSection(SolutionProperties) = preSolution
		HideSolutionNode = FALSE
	EndGlobalSection
	GlobalSection(ExtensibilityGlobals) = postSolution
		SolutionGuid = {A33471FA-E8DE-4BA8-9EE5-05F758FDFBD9}
	EndGlobalSection
EndGlobal
